
Microsoft Visual Studio Solution File, Format Version 12.00
# Visual Studio Version 17
VisualStudioVersion = 17.0.31903.59
MinimumVisualStudioVersion = 10.0.40219.1
Project("{2150E333-8FDC-42A3-9474-1A3956D46DE8}") = "src", "src", "{65D24BA0-5A89-422A-94D2-ACC080D3690C}"
EndProject
Project("{FAE04EC0-301F-11D3-BF4B-00C04F79EFBC}") = "ShopApp.Domain", "src\ShopApp.Domain\ShopApp.Domain.csproj", "{808B8090-B7F2-42D3-81F7-BD879EB69F7A}"
EndProject
Project("{FAE04EC0-301F-11D3-BF4B-00C04F79EFBC}") = "ShopApp.Application", "src\ShopApp.Application\ShopApp.Application.csproj", "{F8D7EA85-FBD4-423F-BBC4-B909FD66C4E5}"
EndProject
Project("{FAE04EC0-301F-11D3-BF4B-00C04F79EFBC}") = "ShopApp.Infrastructure", "src\ShopApp.Infrastructure\ShopApp.Infrastructure.csproj", "{ED9C07A3-A907-429B-9B11-46397E1C310E}"
EndProject
Project("{FAE04EC0-301F-11D3-BF4B-00C04F79EFBC}") = "ShopApp.API", "src\ShopApp.API\ShopApp.API.csproj", "{B0658A37-2917-4B5C-912B-632F6C3CA06A}"
EndProject
Project("{2150E333-8FDC-42A3-9474-1A3956D46DE8}") = "tests", "tests", "{E418F250-9878-412A-BE97-14513120B9FD}"
EndProject
Project("{FAE04EC0-301F-11D3-BF4B-00C04F79EFBC}") = "ShopApp.IntegrationTests", "tests\ShopApp.IntegrationTests\ShopApp.IntegrationTests.csproj", "{2EBCD15A-EE2E-45B2-A3D6-4F43F2DDC41F}"
EndProject
Global
	GlobalSection(SolutionConfigurationPlatforms) = preSolution
		Debug|Any CPU = Debug|Any CPU
		Release|Any CPU = Release|Any CPU
	EndGlobalSection
	GlobalSection(SolutionProperties) = preSolution
		HideSolutionNode = FALSE
	EndGlobalSection
	GlobalSection(ProjectConfigurationPlatforms) = postSolution
		{808B8090-B7F2-42D3-81F7-BD879EB69F7A}.Debug|Any CPU.ActiveCfg = Debug|Any CPU
		{808B8090-B7F2-42D3-81F7-BD879EB69F7A}.Debug|Any CPU.Build.0 = Debug|Any CPU
		{808B8090-B7F2-42D3-81F7-BD879EB69F7A}.Release|Any CPU.ActiveCfg = Release|Any CPU
		{808B8090-B7F2-42D3-81F7-BD879EB69F7A}.Release|Any CPU.Build.0 = Release|Any CPU
		{F8D7EA85-FBD4-423F-BBC4-B909FD66C4E5}.Debug|Any CPU.ActiveCfg = Debug|Any CPU
		{F8D7EA85-FBD4-423F-BBC4-B909FD66C4E5}.Debug|Any CPU.Build.0 = Debug|Any CPU
		{F8D7EA85-FBD4-423F-BBC4-B909FD66C4E5}.Release|Any CPU.ActiveCfg = Release|Any CPU
		{F8D7EA85-FBD4-423F-BBC4-B909FD66C4E5}.Release|Any CPU.Build.0 = Release|Any CPU
		{ED9C07A3-A907-429B-9B11-46397E1C310E}.Debug|Any CPU.ActiveCfg = Debug|Any CPU
		{ED9C07A3-A907-429B-9B11-46397E1C310E}.Debug|Any CPU.Build.0 = Debug|Any CPU
		{ED9C07A3-A907-429B-9B11-46397E1C310E}.Release|Any CPU.ActiveCfg = Release|Any CPU
		{ED9C07A3-A907-429B-9B11-46397E1C310E}.Release|Any CPU.Build.0 = Release|Any CPU
		{B0658A37-2917-4B5C-912B-632F6C3CA06A}.Debug|Any CPU.ActiveCfg = Debug|Any CPU
		{B0658A37-2917-4B5C-912B-632F6C3CA06A}.Debug|Any CPU.Build.0 = Debug|Any CPU
		{B0658A37-2917-4B5C-912B-632F6C3CA06A}.Release|Any CPU.ActiveCfg = Release|Any CPU
		{B0658A37-2917-4B5C-912B-632F6C3CA06A}.Release|Any CPU.Build.0 = Release|Any CPU
		{2EBCD15A-EE2E-45B2-A3D6-4F43F2DDC41F}.Debug|Any CPU.ActiveCfg = Debug|Any CPU
		{2EBCD15A-EE2E-45B2-A3D6-4F43F2DDC41F}.Debug|Any CPU.Build.0 = Debug|Any CPU
		{2EBCD15A-EE2E-45B2-A3D6-4F43F2DDC41F}.Release|Any CPU.ActiveCfg = Release|Any CPU
		{2EBCD15A-EE2E-45B2-A3D6-4F43F2DDC41F}.Release|Any CPU.Build.0 = Release|Any CPU
	EndGlobalSection
	GlobalSection(NestedProjects) = preSolution
		{808B8090-B7F2-42D3-81F7-BD879EB69F7A} = {65D24BA0-5A89-422A-94D2-ACC080D3690C}
		{F8D7EA85-FBD4-423F-BBC4-B909FD66C4E5} = {65D24BA0-5A89-422A-94D2-ACC080D3690C}
		{ED9C07A3-A907-429B-9B11-46397E1C310E} = {65D24BA0-5A89-422A-94D2-ACC080D3690C}
		{B0658A37-2917-4B5C-912B-632F6C3CA06A} = {65D24BA0-5A89-422A-94D2-ACC080D3690C}
		{2EBCD15A-EE2E-45B2-A3D6-4F43F2DDC41F} = {E418F250-9878-412A-BE97-14513120B9FD}
	EndGlobalSection
EndGlobal
